
Microsoft Visual Studio Solution File, Format Version 12.00
# Visual Studio Version 17
VisualStudioVersion = 17.9.34701.34
MinimumVisualStudioVersion = 10.0.40219.1
Project("{888888A0-9F3D-457C-B088-3A5042F75D52}") = "AI1", "AI1\AI1.pyproj", "{EF20E329-3C24-444A-B98D-66A44AF4016A}"
EndProject
Global
	GlobalSection(SolutionConfigurationPlatforms) = preSolution
		Debug|Any CPU = Debug|Any CPU
		Release|Any CPU = Release|Any CPU
	EndGlobalSection
	GlobalSection(ProjectConfigurationPlatforms) = postSolution
		{EF20E329-3C24-444A-B98D-66A44AF4016A}.Debug|Any CPU.ActiveCfg = Debug|Any CPU
		{EF20E329-3C24-444A-B98D-66A44AF4016A}.Release|Any CPU.ActiveCfg = Release|Any CPU
	EndGlobalSection
	GlobalSection(SolutionProperties) = preSolution
		HideSolutionNode = FALSE
	EndGlobalSection
	GlobalSection(ExtensibilityGlobals) = postSolution
		SolutionGuid = {99DD41E7-D54D-4D58-AC15-71BE2D0291C9}
	EndGlobalSection
EndGlobal
